// !$*UTF8*$!
{
	archiveVersion = 1;
	classes = {
	};
	objectVersion = 56;
	objects = {

/* Begin PBXBuildFile section */
		5D6CD3362C6AC66800D31AAD /* BaseView.swift in Sources */ = {isa = PBXBuildFile; fileRef = 5D6CD3352C6AC66800D31AAD /* BaseView.swift */; };
		5D9CF0432C6854250011DD65 /* SignInView.swift in Sources */ = {isa = PBXBuildFile; fileRef = 5D9CF0422C6854250011DD65 /* SignInView.swift */; };
		5D9CF0482C6859B00011DD65 /* Inter-Regular.ttf in Resources */ = {isa = PBXBuildFile; fileRef = 5D9CF0442C6859B00011DD65 /* Inter-Regular.ttf */; };
		5D9CF0492C6859B00011DD65 /* Inter-SemiBold.ttf in Resources */ = {isa = PBXBuildFile; fileRef = 5D9CF0452C6859B00011DD65 /* Inter-SemiBold.ttf */; };
		5D9CF04A2C6859B00011DD65 /* Poppins-Bold.ttf in Resources */ = {isa = PBXBuildFile; fileRef = 5D9CF0462C6859B00011DD65 /* Poppins-Bold.ttf */; };
		5D9CF04D2C685C260011DD65 /* CustomFont.swift in Sources */ = {isa = PBXBuildFile; fileRef = 5D9CF04C2C685C260011DD65 /* CustomFont.swift */; };
		5D9CF04F2C6865300011DD65 /* CustomTextField.swift in Sources */ = {isa = PBXBuildFile; fileRef = 5D9CF04E2C6865300011DD65 /* CustomTextField.swift */; };
		5D9CF0512C6866C70011DD65 /* Extensions.swift in Sources */ = {isa = PBXBuildFile; fileRef = 5D9CF0502C6866C70011DD65 /* Extensions.swift */; };
		5D9CF0592C6873520011DD65 /* SideMenu.swift in Sources */ = {isa = PBXBuildFile; fileRef = 5D9CF0582C6873520011DD65 /* SideMenu.swift */; };
		5D9CF05B2C68736F0011DD65 /* HomeView.swift in Sources */ = {isa = PBXBuildFile; fileRef = 5D9CF05A2C68736F0011DD65 /* HomeView.swift */; };
		5D9CF05F2C6873BC0011DD65 /* HCard.swift in Sources */ = {isa = PBXBuildFile; fileRef = 5D9CF05E2C6873BC0011DD65 /* HCard.swift */; };
		5D9CF0612C6873C60011DD65 /* VCard.swift in Sources */ = {isa = PBXBuildFile; fileRef = 5D9CF0602C6873C60011DD65 /* VCard.swift */; };
		5D9CF0632C6873D40011DD65 /* HouseView.swift in Sources */ = {isa = PBXBuildFile; fileRef = 5D9CF0622C6873D40011DD65 /* HouseView.swift */; };
		5D9CF0652C6874020011DD65 /* Course.swift in Sources */ = {isa = PBXBuildFile; fileRef = 5D9CF0642C6874020011DD65 /* Course.swift */; };
		5D9CF0672C6874120011DD65 /* CourseSelection.swift in Sources */ = {isa = PBXBuildFile; fileRef = 5D9CF0662C6874120011DD65 /* CourseSelection.swift */; };
		5D9CF0692C69131D0011DD65 /* TabBar.swift in Sources */ = {isa = PBXBuildFile; fileRef = 5D9CF0682C69131D0011DD65 /* TabBar.swift */; };
		5D9CF06B2C6930320011DD65 /* MenuRow.swift in Sources */ = {isa = PBXBuildFile; fileRef = 5D9CF06A2C6930320011DD65 /* MenuRow.swift */; };
		5DB5B7B72C684C270026B11D /* button.riv in Resources */ = {isa = PBXBuildFile; fileRef = 5DB5B7B62C684C270026B11D /* button.riv */; };
		5DDF296A2C668A96006F078D /* Lova__Design_and_Create_App.swift in Sources */ = {isa = PBXBuildFile; fileRef = 5DDF29692C668A96006F078D /* Lova__Design_and_Create_App.swift */; };
		5DDF296C2C668A96006F078D /* ContentView.swift in Sources */ = {isa = PBXBuildFile; fileRef = 5DDF296B2C668A96006F078D /* ContentView.swift */; };
		5DDF29702C668A98006F078D /* Assets.xcassets in Resources */ = {isa = PBXBuildFile; fileRef = 5DDF296F2C668A98006F078D /* Assets.xcassets */; };
		5DDF29742C668A98006F078D /* Preview Assets.xcassets in Resources */ = {isa = PBXBuildFile; fileRef = 5DDF29732C668A98006F078D /* Preview Assets.xcassets */; };
		5DDF29832C68021A006F078D /* check.riv in Resources */ = {isa = PBXBuildFile; fileRef = 5DDF297B2C68021A006F078D /* check.riv */; };
		5DDF29842C68021A006F078D /* confetti.riv in Resources */ = {isa = PBXBuildFile; fileRef = 5DDF297C2C68021A006F078D /* confetti.riv */; };
		5DDF29852C68021A006F078D /* house.riv in Resources */ = {isa = PBXBuildFile; fileRef = 5DDF297D2C68021A006F078D /* house.riv */; };
		5DDF29862C68021A006F078D /* icons.riv in Resources */ = {isa = PBXBuildFile; fileRef = 5DDF297E2C68021A006F078D /* icons.riv */; };
		5DDF29872C68021A006F078D /* menu_button.riv in Resources */ = {isa = PBXBuildFile; fileRef = 5DDF297F2C68021A006F078D /* menu_button.riv */; };
		5DDF29882C68021A006F078D /* shapes.riv in Resources */ = {isa = PBXBuildFile; fileRef = 5DDF29802C68021A006F078D /* shapes.riv */; };
		5DDF298B2C680548006F078D /* RiveRuntime in Frameworks */ = {isa = PBXBuildFile; productRef = 5DDF298A2C680548006F078D /* RiveRuntime */; };
		5DDF298D2C680566006F078D /* OnboardingView.swift in Sources */ = {isa = PBXBuildFile; fileRef = 5DDF298C2C680566006F078D /* OnboardingView.swift */; };
/* End PBXBuildFile section */

/* Begin PBXFileReference section */
		5D6CD3352C6AC66800D31AAD /* BaseView.swift */ = {isa = PBXFileReference; lastKnownFileType = sourcecode.swift; path = BaseView.swift; sourceTree = "<group>"; };
		5D9CF0422C6854250011DD65 /* SignInView.swift */ = {isa = PBXFileReference; lastKnownFileType = sourcecode.swift; path = SignInView.swift; sourceTree = "<group>"; };
		5D9CF0442C6859B00011DD65 /* Inter-Regular.ttf */ = {isa = PBXFileReference; lastKnownFileType = file; path = "Inter-Regular.ttf"; sourceTree = "<group>"; };
		5D9CF0452C6859B00011DD65 /* Inter-SemiBold.ttf */ = {isa = PBXFileReference; lastKnownFileType = file; path = "Inter-SemiBold.ttf"; sourceTree = "<group>"; };
		5D9CF0462C6859B00011DD65 /* Poppins-Bold.ttf */ = {isa = PBXFileReference; lastKnownFileType = file; path = "Poppins-Bold.ttf"; sourceTree = "<group>"; };
		5D9CF04B2C6859CE0011DD65 /* Lova--Design-and-Create--Info.plist */ = {isa = PBXFileReference; lastKnownFileType = text.plist; path = "Lova--Design-and-Create--Info.plist"; sourceTree = SOURCE_ROOT; };
		5D9CF04C2C685C260011DD65 /* CustomFont.swift */ = {isa = PBXFileReference; lastKnownFileType = sourcecode.swift; path = CustomFont.swift; sourceTree = "<group>"; };
		5D9CF04E2C6865300011DD65 /* CustomTextField.swift */ = {isa = PBXFileReference; lastKnownFileType = sourcecode.swift; path = CustomTextField.swift; sourceTree = "<group>"; };
		5D9CF0502C6866C70011DD65 /* Extensions.swift */ = {isa = PBXFileReference; lastKnownFileType = sourcecode.swift; path = Extensions.swift; sourceTree = "<group>"; };
		5D9CF0582C6873520011DD65 /* SideMenu.swift */ = {isa = PBXFileReference; lastKnownFileType = sourcecode.swift; path = SideMenu.swift; sourceTree = "<group>"; };
		5D9CF05A2C68736F0011DD65 /* HomeView.swift */ = {isa = PBXFileReference; lastKnownFileType = sourcecode.swift; path = HomeView.swift; sourceTree = "<group>"; };
		5D9CF05E2C6873BC0011DD65 /* HCard.swift */ = {isa = PBXFileReference; lastKnownFileType = sourcecode.swift; path = HCard.swift; sourceTree = "<group>"; };
		5D9CF0602C6873C60011DD65 /* VCard.swift */ = {isa = PBXFileReference; lastKnownFileType = sourcecode.swift; path = VCard.swift; sourceTree = "<group>"; };
		5D9CF0622C6873D40011DD65 /* HouseView.swift */ = {isa = PBXFileReference; lastKnownFileType = sourcecode.swift; path = HouseView.swift; sourceTree = "<group>"; };
		5D9CF0642C6874020011DD65 /* Course.swift */ = {isa = PBXFileReference; lastKnownFileType = sourcecode.swift; path = Course.swift; sourceTree = "<group>"; };
		5D9CF0662C6874120011DD65 /* CourseSelection.swift */ = {isa = PBXFileReference; lastKnownFileType = sourcecode.swift; path = CourseSelection.swift; sourceTree = "<group>"; };
		5D9CF0682C69131D0011DD65 /* TabBar.swift */ = {isa = PBXFileReference; lastKnownFileType = sourcecode.swift; path = TabBar.swift; sourceTree = "<group>"; };
		5D9CF06A2C6930320011DD65 /* MenuRow.swift */ = {isa = PBXFileReference; lastKnownFileType = sourcecode.swift; path = MenuRow.swift; sourceTree = "<group>"; };
		5DB5B7B62C684C270026B11D /* button.riv */ = {isa = PBXFileReference; lastKnownFileType = file; path = button.riv; sourceTree = "<group>"; };
		5DDF29662C668A96006F078D /* Lova (Design and Create).app */ = {isa = PBXFileReference; explicitFileType = wrapper.application; includeInIndex = 0; path = "Lova (Design and Create).app"; sourceTree = BUILT_PRODUCTS_DIR; };
		5DDF29692C668A96006F078D /* Lova__Design_and_Create_App.swift */ = {isa = PBXFileReference; lastKnownFileType = sourcecode.swift; path = Lova__Design_and_Create_App.swift; sourceTree = "<group>"; };
		5DDF296B2C668A96006F078D /* ContentView.swift */ = {isa = PBXFileReference; lastKnownFileType = sourcecode.swift; path = ContentView.swift; sourceTree = "<group>"; };
		5DDF296F2C668A98006F078D /* Assets.xcassets */ = {isa = PBXFileReference; lastKnownFileType = folder.assetcatalog; path = Assets.xcassets; sourceTree = "<group>"; };
		5DDF29712C668A98006F078D /* Lova__Design_and_Create_.entitlements */ = {isa = PBXFileReference; lastKnownFileType = text.plist.entitlements; path = Lova__Design_and_Create_.entitlements; sourceTree = "<group>"; };
		5DDF29732C668A98006F078D /* Preview Assets.xcassets */ = {isa = PBXFileReference; lastKnownFileType = folder.assetcatalog; path = "Preview Assets.xcassets"; sourceTree = "<group>"; };
		5DDF297B2C68021A006F078D /* check.riv */ = {isa = PBXFileReference; lastKnownFileType = file; path = check.riv; sourceTree = "<group>"; };
		5DDF297C2C68021A006F078D /* confetti.riv */ = {isa = PBXFileReference; lastKnownFileType = file; path = confetti.riv; sourceTree = "<group>"; };
		5DDF297D2C68021A006F078D /* house.riv */ = {isa = PBXFileReference; lastKnownFileType = file; path = house.riv; sourceTree = "<group>"; };
		5DDF297E2C68021A006F078D /* icons.riv */ = {isa = PBXFileReference; lastKnownFileType = file; path = icons.riv; sourceTree = "<group>"; };
		5DDF297F2C68021A006F078D /* menu_button.riv */ = {isa = PBXFileReference; lastKnownFileType = file; path = menu_button.riv; sourceTree = "<group>"; };
		5DDF29802C68021A006F078D /* shapes.riv */ = {isa = PBXFileReference; lastKnownFileType = file; path = shapes.riv; sourceTree = "<group>"; };
		5DDF298C2C680566006F078D /* OnboardingView.swift */ = {isa = PBXFileReference; lastKnownFileType = sourcecode.swift; path = OnboardingView.swift; sourceTree = "<group>"; };
/* End PBXFileReference section */

/* Begin PBXFrameworksBuildPhase section */
		5DDF29632C668A96006F078D /* Frameworks */ = {
			isa = PBXFrameworksBuildPhase;
			buildActionMask = 2147483647;
			files = (
				5DDF298B2C680548006F078D /* RiveRuntime in Frameworks */,
			);
			runOnlyForDeploymentPostprocessing = 0;
		};
/* End PBXFrameworksBuildPhase section */

/* Begin PBXGroup section */
		5D9CF0472C6859B00011DD65 /* Fonts */ = {
			isa = PBXGroup;
			children = (
				5D9CF0442C6859B00011DD65 /* Inter-Regular.ttf */,
				5D9CF0452C6859B00011DD65 /* Inter-SemiBold.ttf */,
				5D9CF0462C6859B00011DD65 /* Poppins-Bold.ttf */,
			);
			name = Fonts;
			path = "SwiftUI Animations/Fonts";
			sourceTree = SOURCE_ROOT;
		};
		5D9CF0522C6872BD0011DD65 /* Navigation */ = {
			isa = PBXGroup;
			children = (
				5DDF296B2C668A96006F078D /* ContentView.swift */,
				5D9CF0582C6873520011DD65 /* SideMenu.swift */,
				5D9CF0682C69131D0011DD65 /* TabBar.swift */,
			);
			path = Navigation;
			sourceTree = "<group>";
		};
		5D9CF0532C6872CF0011DD65 /* Views */ = {
			isa = PBXGroup;
			children = (
				5D9CF05A2C68736F0011DD65 /* HomeView.swift */,
				5D9CF0422C6854250011DD65 /* SignInView.swift */,
				5DDF298C2C680566006F078D /* OnboardingView.swift */,
				5D6CD3352C6AC66800D31AAD /* BaseView.swift */,
			);
			path = Views;
			sourceTree = "<group>";
		};
		5D9CF0542C6872F10011DD65 /* Components */ = {
			isa = PBXGroup;
			children = (
				5D9CF05E2C6873BC0011DD65 /* HCard.swift */,
				5D9CF0602C6873C60011DD65 /* VCard.swift */,
				5D9CF06A2C6930320011DD65 /* MenuRow.swift */,
			);
			path = Components;
			sourceTree = "<group>";
		};
		5D9CF0552C6872FF0011DD65 /* Demo */ = {
			isa = PBXGroup;
			children = (
				5D9CF0622C6873D40011DD65 /* HouseView.swift */,
			);
			path = Demo;
			sourceTree = "<group>";
		};
		5D9CF0562C6873070011DD65 /* Styles */ = {
			isa = PBXGroup;
			children = (
				5D9CF0502C6866C70011DD65 /* Extensions.swift */,
				5D9CF04C2C685C260011DD65 /* CustomFont.swift */,
				5D9CF04E2C6865300011DD65 /* CustomTextField.swift */,
				5DDF296F2C668A98006F078D /* Assets.xcassets */,
			);
			path = Styles;
			sourceTree = "<group>";
		};
		5D9CF0572C6873120011DD65 /* Model */ = {
			isa = PBXGroup;
			children = (
				5D9CF0642C6874020011DD65 /* Course.swift */,
				5D9CF0662C6874120011DD65 /* CourseSelection.swift */,
			);
			path = Model;
			sourceTree = "<group>";
		};
		5DDF295D2C668A96006F078D = {
			isa = PBXGroup;
			children = (
				5DDF29682C668A96006F078D /* Lova (Design and Create) */,
				5DDF29672C668A96006F078D /* Products */,
			);
			sourceTree = "<group>";
		};
		5DDF29672C668A96006F078D /* Products */ = {
			isa = PBXGroup;
			children = (
				5DDF29662C668A96006F078D /* Lova (Design and Create).app */,
			);
			name = Products;
			sourceTree = "<group>";
		};
		5DDF29682C668A96006F078D /* Lova (Design and Create) */ = {
			isa = PBXGroup;
			children = (
				5D9CF04B2C6859CE0011DD65 /* Lova--Design-and-Create--Info.plist */,
				5DDF29692C668A96006F078D /* Lova__Design_and_Create_App.swift */,
				5D9CF0522C6872BD0011DD65 /* Navigation */,
				5D9CF0532C6872CF0011DD65 /* Views */,
				5D9CF0542C6872F10011DD65 /* Components */,
				5D9CF0552C6872FF0011DD65 /* Demo */,
				5D9CF0562C6873070011DD65 /* Styles */,
				5D9CF0572C6873120011DD65 /* Model */,
				5D9CF0472C6859B00011DD65 /* Fonts */,
				5DDF29812C68021A006F078D /* RiveAssets */,
				5DDF29722C668A98006F078D /* Preview Content */,
				5DDF29712C668A98006F078D /* Lova__Design_and_Create_.entitlements */,
			);
			path = "Lova (Design and Create)";
			sourceTree = "<group>";
		};
		5DDF29722C668A98006F078D /* Preview Content */ = {
			isa = PBXGroup;
			children = (
				5DDF29732C668A98006F078D /* Preview Assets.xcassets */,
			);
			path = "Preview Content";
			sourceTree = "<group>";
		};
		5DDF29812C68021A006F078D /* RiveAssets */ = {
			isa = PBXGroup;
			children = (
				5DB5B7B62C684C270026B11D /* button.riv */,
				5DDF297B2C68021A006F078D /* check.riv */,
				5DDF297C2C68021A006F078D /* confetti.riv */,
				5DDF297D2C68021A006F078D /* house.riv */,
				5DDF297E2C68021A006F078D /* icons.riv */,
				5DDF297F2C68021A006F078D /* menu_button.riv */,
				5DDF29802C68021A006F078D /* shapes.riv */,
			);
			path = RiveAssets;
			sourceTree = "<group>";
		};
/* End PBXGroup section */

/* Begin PBXNativeTarget section */
		5DDF29652C668A96006F078D /* Lova (Design and Create) */ = {
			isa = PBXNativeTarget;
			buildConfigurationList = 5DDF29772C668A98006F078D /* Build configuration list for PBXNativeTarget "Lova (Design and Create)" */;
			buildPhases = (
				5DDF29622C668A96006F078D /* Sources */,
				5DDF29632C668A96006F078D /* Frameworks */,
				5DDF29642C668A96006F078D /* Resources */,
			);
			buildRules = (
			);
			dependencies = (
			);
			name = "Lova (Design and Create)";
			packageProductDependencies = (
				5DDF298A2C680548006F078D /* RiveRuntime */,
			);
			productName = "Lova (Design and Create)";
			productReference = 5DDF29662C668A96006F078D /* Lova (Design and Create).app */;
			productType = "com.apple.product-type.application";
		};
/* End PBXNativeTarget section */

/* Begin PBXProject section */
		5DDF295E2C668A96006F078D /* Project object */ = {
			isa = PBXProject;
			attributes = {
				BuildIndependentTargetsInParallel = 1;
				LastSwiftUpdateCheck = 1540;
				LastUpgradeCheck = 1540;
				TargetAttributes = {
					5DDF29652C668A96006F078D = {
						CreatedOnToolsVersion = 15.4;
					};
				};
			};
			buildConfigurationList = 5DDF29612C668A96006F078D /* Build configuration list for PBXProject "Lova (Design and Create)" */;
			compatibilityVersion = "Xcode 14.0";
			developmentRegion = en;
			hasScannedForEncodings = 0;
			knownRegions = (
				en,
				Base,
			);
			mainGroup = 5DDF295D2C668A96006F078D;
			packageReferences = (
				5DDF29892C680548006F078D /* XCRemoteSwiftPackageReference "rive-ios" */,
			);
			productRefGroup = 5DDF29672C668A96006F078D /* Products */;
			projectDirPath = "";
			projectRoot = "";
			targets = (
				5DDF29652C668A96006F078D /* Lova (Design and Create) */,
			);
		};
/* End PBXProject section */

/* Begin PBXResourcesBuildPhase section */
		5DDF29642C668A96006F078D /* Resources */ = {
			isa = PBXResourcesBuildPhase;
			buildActionMask = 2147483647;
			files = (
				5DB5B7B72C684C270026B11D /* button.riv in Resources */,
				5DDF29742C668A98006F078D /* Preview Assets.xcassets in Resources */,
				5DDF29862C68021A006F078D /* icons.riv in Resources */,
				5D9CF0492C6859B00011DD65 /* Inter-SemiBold.ttf in Resources */,
				5DDF29832C68021A006F078D /* check.riv in Resources */,
				5DDF29882C68021A006F078D /* shapes.riv in Resources */,
				5DDF29702C668A98006F078D /* Assets.xcassets in Resources */,
				5D9CF04A2C6859B00011DD65 /* Poppins-Bold.ttf in Resources */,
				5D9CF0482C6859B00011DD65 /* Inter-Regular.ttf in Resources */,
				5DDF29852C68021A006F078D /* house.riv in Resources */,
				5DDF29872C68021A006F078D /* menu_button.riv in Resources */,
				5DDF29842C68021A006F078D /* confetti.riv in Resources */,
			);
			runOnlyForDeploymentPostprocessing = 0;
		};
/* End PBXResourcesBuildPhase section */

/* Begin PBXSourcesBuildPhase section */
		5DDF29622C668A96006F078D /* Sources */ = {
			isa = PBXSourcesBuildPhase;
			buildActionMask = 2147483647;
			files = (
				5D9CF05B2C68736F0011DD65 /* HomeView.swift in Sources */,
				5D9CF04D2C685C260011DD65 /* CustomFont.swift in Sources */,
				5D9CF0632C6873D40011DD65 /* HouseView.swift in Sources */,
				5D6CD3362C6AC66800D31AAD /* BaseView.swift in Sources */,
				5D9CF0692C69131D0011DD65 /* TabBar.swift in Sources */,
				5DDF298D2C680566006F078D /* OnboardingView.swift in Sources */,
				5D9CF05F2C6873BC0011DD65 /* HCard.swift in Sources */,
				5D9CF04F2C6865300011DD65 /* CustomTextField.swift in Sources */,
				5D9CF0612C6873C60011DD65 /* VCard.swift in Sources */,
				5D9CF0672C6874120011DD65 /* CourseSelection.swift in Sources */,
				5D9CF0652C6874020011DD65 /* Course.swift in Sources */,
				5D9CF06B2C6930320011DD65 /* MenuRow.swift in Sources */,
				5D9CF0592C6873520011DD65 /* SideMenu.swift in Sources */,
				5DDF296C2C668A96006F078D /* ContentView.swift in Sources */,
				5D9CF0432C6854250011DD65 /* SignInView.swift in Sources */,
				5DDF296A2C668A96006F078D /* Lova__Design_and_Create_App.swift in Sources */,
				5D9CF0512C6866C70011DD65 /* Extensions.swift in Sources */,
			);
			runOnlyForDeploymentPostprocessing = 0;
		};
/* End PBXSourcesBuildPhase section */

/* Begin XCBuildConfiguration section */
		5DDF29752C668A98006F078D /* Debug */ = {
			isa = XCBuildConfiguration;
			buildSettings = {
				ALWAYS_SEARCH_USER_PATHS = NO;
				ASSETCATALOG_COMPILER_GENERATE_SWIFT_ASSET_SYMBOL_EXTENSIONS = YES;
				CLANG_ANALYZER_NONNULL = YES;
				CLANG_ANALYZER_NUMBER_OBJECT_CONVERSION = YES_AGGRESSIVE;
				CLANG_CXX_LANGUAGE_STANDARD = "gnu++20";
				CLANG_ENABLE_MODULES = YES;
				CLANG_ENABLE_OBJC_ARC = YES;
				CLANG_ENABLE_OBJC_WEAK = YES;
				CLANG_WARN_BLOCK_CAPTURE_AUTORELEASING = YES;
				CLANG_WARN_BOOL_CONVERSION = YES;
				CLANG_WARN_COMMA = YES;
				CLANG_WARN_CONSTANT_CONVERSION = YES;
				CLANG_WARN_DEPRECATED_OBJC_IMPLEMENTATIONS = YES;
				CLANG_WARN_DIRECT_OBJC_ISA_USAGE = YES_ERROR;
				CLANG_WARN_DOCUMENTATION_COMMENTS = YES;
				CLANG_WARN_EMPTY_BODY = YES;
				CLANG_WARN_ENUM_CONVERSION = YES;
				CLANG_WARN_INFINITE_RECURSION = YES;
				CLANG_WARN_INT_CONVERSION = YES;
				CLANG_WARN_NON_LITERAL_NULL_CONVERSION = YES;
				CLANG_WARN_OBJC_IMPLICIT_RETAIN_SELF = YES;
				CLANG_WARN_OBJC_LITERAL_CONVERSION = YES;
				CLANG_WARN_OBJC_ROOT_CLASS = YES_ERROR;
				CLANG_WARN_QUOTED_INCLUDE_IN_FRAMEWORK_HEADER = YES;
				CLANG_WARN_RANGE_LOOP_ANALYSIS = YES;
				CLANG_WARN_STRICT_PROTOTYPES = YES;
				CLANG_WARN_SUSPICIOUS_MOVE = YES;
				CLANG_WARN_UNGUARDED_AVAILABILITY = YES_AGGRESSIVE;
				CLANG_WARN_UNREACHABLE_CODE = YES;
				CLANG_WARN__DUPLICATE_METHOD_MATCH = YES;
				COPY_PHASE_STRIP = NO;
				DEBUG_INFORMATION_FORMAT = dwarf;
				ENABLE_STRICT_OBJC_MSGSEND = YES;
				ENABLE_TESTABILITY = YES;
				ENABLE_USER_SCRIPT_SANDBOXING = YES;
				GCC_C_LANGUAGE_STANDARD = gnu17;
				GCC_DYNAMIC_NO_PIC = NO;
				GCC_NO_COMMON_BLOCKS = YES;
				GCC_OPTIMIZATION_LEVEL = 0;
				GCC_PREPROCESSOR_DEFINITIONS = (
					"DEBUG=1",
					"$(inherited)",
				);
				GCC_WARN_64_TO_32_BIT_CONVERSION = YES;
				GCC_WARN_ABOUT_RETURN_TYPE = YES_ERROR;
				GCC_WARN_UNDECLARED_SELECTOR = YES;
				GCC_WARN_UNINITIALIZED_AUTOS = YES_AGGRESSIVE;
				GCC_WARN_UNUSED_FUNCTION = YES;
				GCC_WARN_UNUSED_VARIABLE = YES;
				LOCALIZATION_PREFERS_STRING_CATALOGS = YES;
				MTL_ENABLE_DEBUG_INFO = INCLUDE_SOURCE;
				MTL_FAST_MATH = YES;
				ONLY_ACTIVE_ARCH = YES;
				SWIFT_ACTIVE_COMPILATION_CONDITIONS = "DEBUG $(inherited)";
				SWIFT_OPTIMIZATION_LEVEL = "-Onone";
			};
			name = Debug;
		};
		5DDF29762C668A98006F078D /* Release */ = {
			isa = XCBuildConfiguration;
			buildSettings = {
				ALWAYS_SEARCH_USER_PATHS = NO;
				ASSETCATALOG_COMPILER_GENERATE_SWIFT_ASSET_SYMBOL_EXTENSIONS = YES;
				CLANG_ANALYZER_NONNULL = YES;
				CLANG_ANALYZER_NUMBER_OBJECT_CONVERSION = YES_AGGRESSIVE;
				CLANG_CXX_LANGUAGE_STANDARD = "gnu++20";
				CLANG_ENABLE_MODULES = YES;
				CLANG_ENABLE_OBJC_ARC = YES;
				CLANG_ENABLE_OBJC_WEAK = YES;
				CLANG_WARN_BLOCK_CAPTURE_AUTORELEASING = YES;
				CLANG_WARN_BOOL_CONVERSION = YES;
				CLANG_WARN_COMMA = YES;
				CLANG_WARN_CONSTANT_CONVERSION = YES;
				CLANG_WARN_DEPRECATED_OBJC_IMPLEMENTATIONS = YES;
				CLANG_WARN_DIRECT_OBJC_ISA_USAGE = YES_ERROR;
				CLANG_WARN_DOCUMENTATION_COMMENTS = YES;
				CLANG_WARN_EMPTY_BODY = YES;
				CLANG_WARN_ENUM_CONVERSION = YES;
				CLANG_WARN_INFINITE_RECURSION = YES;
				CLANG_WARN_INT_CONVERSION = YES;
				CLANG_WARN_NON_LITERAL_NULL_CONVERSION = YES;
				CLANG_WARN_OBJC_IMPLICIT_RETAIN_SELF = YES;
				CLANG_WARN_OBJC_LITERAL_CONVERSION = YES;
				CLANG_WARN_OBJC_ROOT_CLASS = YES_ERROR;
				CLANG_WARN_QUOTED_INCLUDE_IN_FRAMEWORK_HEADER = YES;
				CLANG_WARN_RANGE_LOOP_ANALYSIS = YES;
				CLANG_WARN_STRICT_PROTOTYPES = YES;
				CLANG_WARN_SUSPICIOUS_MOVE = YES;
				CLANG_WARN_UNGUARDED_AVAILABILITY = YES_AGGRESSIVE;
				CLANG_WARN_UNREACHABLE_CODE = YES;
				CLANG_WARN__DUPLICATE_METHOD_MATCH = YES;
				COPY_PHASE_STRIP = NO;
				DEBUG_INFORMATION_FORMAT = "dwarf-with-dsym";
				ENABLE_NS_ASSERTIONS = NO;
				ENABLE_STRICT_OBJC_MSGSEND = YES;
				ENABLE_USER_SCRIPT_SANDBOXING = YES;
				GCC_C_LANGUAGE_STANDARD = gnu17;
				GCC_NO_COMMON_BLOCKS = YES;
				GCC_WARN_64_TO_32_BIT_CONVERSION = YES;
				GCC_WARN_ABOUT_RETURN_TYPE = YES_ERROR;
				GCC_WARN_UNDECLARED_SELECTOR = YES;
				GCC_WARN_UNINITIALIZED_AUTOS = YES_AGGRESSIVE;
				GCC_WARN_UNUSED_FUNCTION = YES;
				GCC_WARN_UNUSED_VARIABLE = YES;
				LOCALIZATION_PREFERS_STRING_CATALOGS = YES;
				MTL_ENABLE_DEBUG_INFO = NO;
				MTL_FAST_MATH = YES;
				SWIFT_COMPILATION_MODE = wholemodule;
			};
			name = Release;
		};
		5DDF29782C668A98006F078D /* Debug */ = {
			isa = XCBuildConfiguration;
			buildSettings = {
				ASSETCATALOG_COMPILER_APPICON_NAME = AppIcon;
				ASSETCATALOG_COMPILER_GLOBAL_ACCENT_COLOR_NAME = AccentColor;
				CODE_SIGN_ENTITLEMENTS = "Lova (Design and Create)/Lova__Design_and_Create_.entitlements";
				CODE_SIGN_STYLE = Automatic;
				CURRENT_PROJECT_VERSION = 1;
				DEVELOPMENT_ASSET_PATHS = "\"Lova (Design and Create)/Preview Content\"";
				DEVELOPMENT_TEAM = AKAP9BL459;
				ENABLE_HARDENED_RUNTIME = YES;
				ENABLE_PREVIEWS = YES;
				GENERATE_INFOPLIST_FILE = YES;
				INFOPLIST_FILE = "Lova--Design-and-Create--Info.plist";
				"INFOPLIST_KEY_UIApplicationSceneManifest_Generation[sdk=iphoneos*]" = YES;
				"INFOPLIST_KEY_UIApplicationSceneManifest_Generation[sdk=iphonesimulator*]" = YES;
				"INFOPLIST_KEY_UIApplicationSupportsIndirectInputEvents[sdk=iphoneos*]" = YES;
				"INFOPLIST_KEY_UIApplicationSupportsIndirectInputEvents[sdk=iphonesimulator*]" = YES;
				"INFOPLIST_KEY_UILaunchScreen_Generation[sdk=iphoneos*]" = YES;
				"INFOPLIST_KEY_UILaunchScreen_Generation[sdk=iphonesimulator*]" = YES;
				"INFOPLIST_KEY_UIStatusBarStyle[sdk=iphoneos*]" = UIStatusBarStyleDefault;
				"INFOPLIST_KEY_UIStatusBarStyle[sdk=iphonesimulator*]" = UIStatusBarStyleDefault;
				INFOPLIST_KEY_UISupportedInterfaceOrientations_iPad = "UIInterfaceOrientationPortrait UIInterfaceOrientationPortraitUpsideDown UIInterfaceOrientationLandscapeLeft UIInterfaceOrientationLandscapeRight";
				INFOPLIST_KEY_UISupportedInterfaceOrientations_iPhone = "UIInterfaceOrientationPortrait UIInterfaceOrientationLandscapeLeft UIInterfaceOrientationLandscapeRight";
				IPHONEOS_DEPLOYMENT_TARGET = 15.4;
				LD_RUNPATH_SEARCH_PATHS = "@executable_path/Frameworks";
				"LD_RUNPATH_SEARCH_PATHS[sdk=macosx*]" = "@executable_path/../Frameworks";
				MACOSX_DEPLOYMENT_TARGET = 14.0;
				MARKETING_VERSION = 1.0;
				PRODUCT_BUNDLE_IDENTIFIER = "leuna-projectX.Lova--Design-and-Create-";
				PRODUCT_NAME = "$(TARGET_NAME)";
				SDKROOT = auto;
				SUPPORTED_PLATFORMS = "iphoneos iphonesimulator macosx";
				SWIFT_EMIT_LOC_STRINGS = YES;
				SWIFT_VERSION = 5.0;
				TARGETED_DEVICE_FAMILY = "1,2";
			};
			name = Debug;
		};
		5DDF29792C668A98006F078D /* Release */ = {
			isa = XCBuildConfiguration;
			buildSettings = {
				ASSETCATALOG_COMPILER_APPICON_NAME = AppIcon;
				ASSETCATALOG_COMPILER_GLOBAL_ACCENT_COLOR_NAME = AccentColor;
				CODE_SIGN_ENTITLEMENTS = "Lova (Design and Create)/Lova__Design_and_Create_.entitlements";
				CODE_SIGN_STYLE = Automatic;
				CURRENT_PROJECT_VERSION = 1;
				DEVELOPMENT_ASSET_PATHS = "\"Lova (Design and Create)/Preview Content\"";
				DEVELOPMENT_TEAM = AKAP9BL459;
				ENABLE_HARDENED_RUNTIME = YES;
				ENABLE_PREVIEWS = YES;
				GENERATE_INFOPLIST_FILE = YES;
				INFOPLIST_FILE = "Lova--Design-and-Create--Info.plist";
				"INFOPLIST_KEY_UIApplicationSceneManifest_Generation[sdk=iphoneos*]" = YES;
				"INFOPLIST_KEY_UIApplicationSceneManifest_Generation[sdk=iphonesimulator*]" = YES;
				"INFOPLIST_KEY_UIApplicationSupportsIndirectInputEvents[sdk=iphoneos*]" = YES;
				"INFOPLIST_KEY_UIApplicationSupportsIndirectInputEvents[sdk=iphonesimulator*]" = YES;
				"INFOPLIST_KEY_UILaunchScreen_Generation[sdk=iphoneos*]" = YES;
				"INFOPLIST_KEY_UILaunchScreen_Generation[sdk=iphonesimulator*]" = YES;
				"INFOPLIST_KEY_UIStatusBarStyle[sdk=iphoneos*]" = UIStatusBarStyleDefault;
				"INFOPLIST_KEY_UIStatusBarStyle[sdk=iphonesimulator*]" = UIStatusBarStyleDefault;
				INFOPLIST_KEY_UISupportedInterfaceOrientations_iPad = "UIInterfaceOrientationPortrait UIInterfaceOrientationPortraitUpsideDown UIInterfaceOrientationLandscapeLeft UIInterfaceOrientationLandscapeRight";
				INFOPLIST_KEY_UISupportedInterfaceOrientations_iPhone = "UIInterfaceOrientationPortrait UIInterfaceOrientationLandscapeLeft UIInterfaceOrientationLandscapeRight";
				IPHONEOS_DEPLOYMENT_TARGET = 15.4;
				LD_RUNPATH_SEARCH_PATHS = "@executable_path/Frameworks";
				"LD_RUNPATH_SEARCH_PATHS[sdk=macosx*]" = "@executable_path/../Frameworks";
				MACOSX_DEPLOYMENT_TARGET = 14.0;
				MARKETING_VERSION = 1.0;
				PRODUCT_BUNDLE_IDENTIFIER = "leuna-projectX.Lova--Design-and-Create-";
				PRODUCT_NAME = "$(TARGET_NAME)";
				SDKROOT = auto;
				SUPPORTED_PLATFORMS = "iphoneos iphonesimulator macosx";
				SWIFT_EMIT_LOC_STRINGS = YES;
				SWIFT_VERSION = 5.0;
				TARGETED_DEVICE_FAMILY = "1,2";
			};
			name = Release;
		};
/* End XCBuildConfiguration section */

/* Begin XCConfigurationList section */
		5DDF29612C668A96006F078D /* Build configuration list for PBXProject "Lova (Design and Create)" */ = {
			isa = XCConfigurationList;
			buildConfigurations = (
				5DDF29752C668A98006F078D /* Debug */,
				5DDF29762C668A98006F078D /* Release */,
			);
			defaultConfigurationIsVisible = 0;
			defaultConfigurationName = Release;
		};
		5DDF29772C668A98006F078D /* Build configuration list for PBXNativeTarget "Lova (Design and Create)" */ = {
			isa = XCConfigurationList;
			buildConfigurations = (
				5DDF29782C668A98006F078D /* Debug */,
				5DDF29792C668A98006F078D /* Release */,
			);
			defaultConfigurationIsVisible = 0;
			defaultConfigurationName = Release;
		};
/* End XCConfigurationList section */

/* Begin XCRemoteSwiftPackageReference section */
		5DDF29892C680548006F078D /* XCRemoteSwiftPackageReference "rive-ios" */ = {
			isa = XCRemoteSwiftPackageReference;
			repositoryURL = "https://github.com/rive-app/rive-ios";
			requirement = {
				kind = upToNextMajorVersion;
				minimumVersion = 6.0.0;
			};
		};
/* End XCRemoteSwiftPackageReference section */

/* Begin XCSwiftPackageProductDependency section */
		5DDF298A2C680548006F078D /* RiveRuntime */ = {
			isa = XCSwiftPackageProductDependency;
			package = 5DDF29892C680548006F078D /* XCRemoteSwiftPackageReference "rive-ios" */;
			productName = RiveRuntime;
		};
/* End XCSwiftPackageProductDependency section */
	};
	rootObject = 5DDF295E2C668A96006F078D /* Project object */;
}
